
Microsoft Visual Studio Solution File, Format Version 12.00
# Visual Studio Version 17
VisualStudioVersion = 17.14.36429.23
MinimumVisualStudioVersion = 10.0.40219.1
Project("{2150E333-8FDC-42A3-9474-1A3956D46DE8}") = "Task0", "Task0", "{02EA681E-C7D8-13C7-8484-4AC65E1B71E8}"
EndProject
Project("{FAE04EC0-301F-11D3-BF4B-00C04F79EFBC}") = "Tyuiu.BritovDS.Sprint1.Task0.V15", "Tyuiu.BritovDS.Sprint1.Task0.V15\Tyuiu.BritovDS.Sprint1.Task0.V15.csproj", "{6DA76AD2-B6EA-4B6E-B3E8-0B20E685B715}"
EndProject
Project("{FAE04EC0-301F-11D3-BF4B-00C04F79EFBC}") = "Tyuiu.BritovDS.Sprint1.Task0.V15.Lib", "Tyuiu.BritovDS.Sprint1.Task0.V15.Lib\Tyuiu.BritovDS.Sprint1.Task0.V15.Lib.csproj", "{D7BCCF37-954D-4213-B85F-EE67435FAF4F}"
EndProject
Project("{FAE04EC0-301F-11D3-BF4B-00C04F79EFBC}") = "Tyuiu.BritovDS.Sprint1.Task0.V15.Test", "Tyuiu.BritovDS.Sprint1.Task0.V15.Test\Tyuiu.BritovDS.Sprint1.Task0.V15.Test.csproj", "{C96845E6-DBF1-4F70-8F68-2C88BAE0DF3B}"
EndProject
Project("{2150E333-8FDC-42A3-9474-1A3956D46DE8}") = "Task1", "Task1", "{902DF108-B304-44E4-9BF1-1BBF94DD86A9}"
EndProject
Project("{FAE04EC0-301F-11D3-BF4B-00C04F79EFBC}") = "Tyuiu.BritovDS.Sprint1.Task1.V4", "Tyuiu.BritovDS.Sprint1.Task1.V4\Tyuiu.BritovDS.Sprint1.Task1.V4.csproj", "{CF759B9A-88EB-4AC3-AB5A-F5DDDE875057}"
EndProject
Project("{FAE04EC0-301F-11D3-BF4B-00C04F79EFBC}") = "Tyuiu.BritovDS.Sprint1.Task1.V4.Lib", "Tyuiu.BritovDS.Sprint1.Task1.V4.Lib\Tyuiu.BritovDS.Sprint1.Task1.V4.Lib.csproj", "{F688501B-1043-472D-B84E-BA36C1D23862}"
EndProject
Project("{FAE04EC0-301F-11D3-BF4B-00C04F79EFBC}") = "Tyuiu.BritovDS.Sprint1.Task1.V4.Test", "Tyuiu.BritovDS.Sprint1.Task1.V4.Test\Tyuiu.BritovDS.Sprint1.Task1.V4.Test.csproj", "{06304E7E-7D70-42EC-BF25-EDF8D6E6FD26}"
EndProject
Project("{2150E333-8FDC-42A3-9474-1A3956D46DE8}") = "Task2", "Task2", "{C60CBB04-0832-407A-861E-7A6DF357EC93}"
EndProject
Project("{FAE04EC0-301F-11D3-BF4B-00C04F79EFBC}") = "Tyuiu.BritovDS.Sprint1.Task2.V1", "Tyuiu.BritovDS.Sprint1.Task2.V1\Tyuiu.BritovDS.Sprint1.Task2.V1.csproj", "{62D63776-FA6B-4599-92AB-FF94D719F50D}"
EndProject
Project("{FAE04EC0-301F-11D3-BF4B-00C04F79EFBC}") = "Tyuiu.BritovDS.Sprint1.Task2.V1.Lib", "Tyuiu.BritovDS.Sprint1.Task2.V1.Lib\Tyuiu.BritovDS.Sprint1.Task2.V1.Lib.csproj", "{7B411D8C-3E37-45F1-8C31-34A1D62CE9D7}"
EndProject
Project("{FAE04EC0-301F-11D3-BF4B-00C04F79EFBC}") = "Tyuiu.BritovDS.Sprint1.Task2.V1.Test", "Tyuiu.BritovDS.Sprint1.Task2.V1.Test\Tyuiu.BritovDS.Sprint1.Task2.V1.Test.csproj", "{1A316586-1B8C-464B-97DF-7DA46BFBC2D3}"
EndProject
Project("{2150E333-8FDC-42A3-9474-1A3956D46DE8}") = "Task3", "Task3", "{51477744-1CEF-4BF5-8ECF-E1CD26ED9C38}"
EndProject
Project("{FAE04EC0-301F-11D3-BF4B-00C04F79EFBC}") = "Tyuiu.BritovDS.Sprint1.Task3.V6", "Tyuiu.BritovDS.Sprint1.Task3.V6\Tyuiu.BritovDS.Sprint1.Task3.V6.csproj", "{906E8F16-5991-931F-ED18-9F6374238C5A}"
EndProject
Project("{FAE04EC0-301F-11D3-BF4B-00C04F79EFBC}") = "Tyuiu.BritovDS.Sprint1.Task3.V6.Lib", "Tyuiu.BritovDS.Sprint1.Task3.V6.Lib\Tyuiu.BritovDS.Sprint1.Task3.V6.Lib.csproj", "{44DA94D0-7333-2804-7396-1D54AEFB4B67}"
EndProject
Project("{FAE04EC0-301F-11D3-BF4B-00C04F79EFBC}") = "Tyuiu.BritovDS.Sprint1.Task3.V6.Test", "Tyuiu.BritovDS.Sprint1.Task3.V6.Test\Tyuiu.BritovDS.Sprint1.Task3.V6.Test.csproj", "{D31D8BF2-6DC2-70BC-43E2-41AC31AE31CF}"
EndProject
Project("{2150E333-8FDC-42A3-9474-1A3956D46DE8}") = "Task4", "Task4", "{02B727B5-619B-43CC-A5DC-73A02939425D}"
EndProject
Project("{FAE04EC0-301F-11D3-BF4B-00C04F79EFBC}") = "Tyuiu.BritovDS.Sprint1.Task4.V20", "Tyuiu.BritovDS.Sprint1.Task4.V20\Tyuiu.BritovDS.Sprint1.Task4.V20.csproj", "{52730F33-41AD-40F5-A0B5-7F14BD089572}"
EndProject
Project("{FAE04EC0-301F-11D3-BF4B-00C04F79EFBC}") = "Tyuiu.BritovDS.Sprint1.Task4.V20.Lib", "Tyuiu.BritovDS.Sprint1.Task4.V20.Lib\Tyuiu.BritovDS.Sprint1.Task4.V20.Lib.csproj", "{4ABF7D1B-236F-49F7-B3CC-966F91BB2E2C}"
EndProject
Project("{FAE04EC0-301F-11D3-BF4B-00C04F79EFBC}") = "Tyuiu.BritovDS.Sprint1.Task4.V20.Test", "Tyuiu.BritovDS.Sprint1.Task4.V20.Test\Tyuiu.BritovDS.Sprint1.Task4.V20.Test.csproj", "{D3C951F2-6805-4637-830A-609C5E90F6EC}"
EndProject
Project("{2150E333-8FDC-42A3-9474-1A3956D46DE8}") = "Task5", "Task5", "{F7580F40-A5DD-49F8-825B-15A41DDA1305}"
EndProject
Project("{FAE04EC0-301F-11D3-BF4B-00C04F79EFBC}") = "Tyuiu.BritovDS.Sprint1.Task5.V1", "Tyuiu.BritovDS.Sprint1.Task5.V1\Tyuiu.BritovDS.Sprint1.Task5.V1.csproj", "{0E1989C7-503C-43EC-BA29-C8AE2D8AA39A}"
EndProject
Project("{FAE04EC0-301F-11D3-BF4B-00C04F79EFBC}") = "Tyuiu.BritovDS.Sprint1.Task5.V1.Lib", "Tyuiu.BritovDS.Sprint1.Task5.V1.Lib\Tyuiu.BritovDS.Sprint1.Task5.V1.Lib.csproj", "{6DC9101C-0AEC-48A3-90DA-4AA40F53FAE1}"
EndProject
Project("{FAE04EC0-301F-11D3-BF4B-00C04F79EFBC}") = "Tyuiu.BritovDS.Sprint1.Task5.V1.Test", "Tyuiu.BritovDS.Sprint1.Task5.V1.Test\Tyuiu.BritovDS.Sprint1.Task5.V1.Test.csproj", "{77FF98C3-1C16-4D59-87FD-0D102E2239FD}"
EndProject
Global
	GlobalSection(SolutionConfigurationPlatforms) = preSolution
		Debug|Any CPU = Debug|Any CPU
		Release|Any CPU = Release|Any CPU
	EndGlobalSection
	GlobalSection(ProjectConfigurationPlatforms) = postSolution
		{6DA76AD2-B6EA-4B6E-B3E8-0B20E685B715}.Debug|Any CPU.ActiveCfg = Debug|Any CPU
		{6DA76AD2-B6EA-4B6E-B3E8-0B20E685B715}.Debug|Any CPU.Build.0 = Debug|Any CPU
		{6DA76AD2-B6EA-4B6E-B3E8-0B20E685B715}.Release|Any CPU.ActiveCfg = Release|Any CPU
		{6DA76AD2-B6EA-4B6E-B3E8-0B20E685B715}.Release|Any CPU.Build.0 = Release|Any CPU
		{D7BCCF37-954D-4213-B85F-EE67435FAF4F}.Debug|Any CPU.ActiveCfg = Debug|Any CPU
		{D7BCCF37-954D-4213-B85F-EE67435FAF4F}.Debug|Any CPU.Build.0 = Debug|Any CPU
		{D7BCCF37-954D-4213-B85F-EE67435FAF4F}.Release|Any CPU.ActiveCfg = Release|Any CPU
		{D7BCCF37-954D-4213-B85F-EE67435FAF4F}.Release|Any CPU.Build.0 = Release|Any CPU
		{C96845E6-DBF1-4F70-8F68-2C88BAE0DF3B}.Debug|Any CPU.ActiveCfg = Debug|Any CPU
		{C96845E6-DBF1-4F70-8F68-2C88BAE0DF3B}.Debug|Any CPU.Build.0 = Debug|Any CPU
		{C96845E6-DBF1-4F70-8F68-2C88BAE0DF3B}.Release|Any CPU.ActiveCfg = Release|Any CPU
		{C96845E6-DBF1-4F70-8F68-2C88BAE0DF3B}.Release|Any CPU.Build.0 = Release|Any CPU
		{CF759B9A-88EB-4AC3-AB5A-F5DDDE875057}.Debug|Any CPU.ActiveCfg = Debug|Any CPU
		{CF759B9A-88EB-4AC3-AB5A-F5DDDE875057}.Debug|Any CPU.Build.0 = Debug|Any CPU
		{CF759B9A-88EB-4AC3-AB5A-F5DDDE875057}.Release|Any CPU.ActiveCfg = Release|Any CPU
		{CF759B9A-88EB-4AC3-AB5A-F5DDDE875057}.Release|Any CPU.Build.0 = Release|Any CPU
		{F688501B-1043-472D-B84E-BA36C1D23862}.Debug|Any CPU.ActiveCfg = Debug|Any CPU
		{F688501B-1043-472D-B84E-BA36C1D23862}.Debug|Any CPU.Build.0 = Debug|Any CPU
		{F688501B-1043-472D-B84E-BA36C1D23862}.Release|Any CPU.ActiveCfg = Release|Any CPU
		{F688501B-1043-472D-B84E-BA36C1D23862}.Release|Any CPU.Build.0 = Release|Any CPU
		{06304E7E-7D70-42EC-BF25-EDF8D6E6FD26}.Debug|Any CPU.ActiveCfg = Debug|Any CPU
		{06304E7E-7D70-42EC-BF25-EDF8D6E6FD26}.Debug|Any CPU.Build.0 = Debug|Any CPU
		{06304E7E-7D70-42EC-BF25-EDF8D6E6FD26}.Release|Any CPU.ActiveCfg = Release|Any CPU
		{06304E7E-7D70-42EC-BF25-EDF8D6E6FD26}.Release|Any CPU.Build.0 = Release|Any CPU
		{62D63776-FA6B-4599-92AB-FF94D719F50D}.Debug|Any CPU.ActiveCfg = Debug|Any CPU
		{62D63776-FA6B-4599-92AB-FF94D719F50D}.Debug|Any CPU.Build.0 = Debug|Any CPU
		{62D63776-FA6B-4599-92AB-FF94D719F50D}.Release|Any CPU.ActiveCfg = Release|Any CPU
		{62D63776-FA6B-4599-92AB-FF94D719F50D}.Release|Any CPU.Build.0 = Release|Any CPU
		{7B411D8C-3E37-45F1-8C31-34A1D62CE9D7}.Debug|Any CPU.ActiveCfg = Debug|Any CPU
		{7B411D8C-3E37-45F1-8C31-34A1D62CE9D7}.Debug|Any CPU.Build.0 = Debug|Any CPU
		{7B411D8C-3E37-45F1-8C31-34A1D62CE9D7}.Release|Any CPU.ActiveCfg = Release|Any CPU
		{7B411D8C-3E37-45F1-8C31-34A1D62CE9D7}.Release|Any CPU.Build.0 = Release|Any CPU
		{1A316586-1B8C-464B-97DF-7DA46BFBC2D3}.Debug|Any CPU.ActiveCfg = Debug|Any CPU
		{1A316586-1B8C-464B-97DF-7DA46BFBC2D3}.Debug|Any CPU.Build.0 = Debug|Any CPU
		{1A316586-1B8C-464B-97DF-7DA46BFBC2D3}.Release|Any CPU.ActiveCfg = Release|Any CPU
		{1A316586-1B8C-464B-97DF-7DA46BFBC2D3}.Release|Any CPU.Build.0 = Release|Any CPU
		{906E8F16-5991-931F-ED18-9F6374238C5A}.Debug|Any CPU.ActiveCfg = Debug|Any CPU
		{906E8F16-5991-931F-ED18-9F6374238C5A}.Debug|Any CPU.Build.0 = Debug|Any CPU
		{906E8F16-5991-931F-ED18-9F6374238C5A}.Release|Any CPU.ActiveCfg = Release|Any CPU
		{906E8F16-5991-931F-ED18-9F6374238C5A}.Release|Any CPU.Build.0 = Release|Any CPU
		{44DA94D0-7333-2804-7396-1D54AEFB4B67}.Debug|Any CPU.ActiveCfg = Debug|Any CPU
		{44DA94D0-7333-2804-7396-1D54AEFB4B67}.Debug|Any CPU.Build.0 = Debug|Any CPU
		{44DA94D0-7333-2804-7396-1D54AEFB4B67}.Release|Any CPU.ActiveCfg = Release|Any CPU
		{44DA94D0-7333-2804-7396-1D54AEFB4B67}.Release|Any CPU.Build.0 = Release|Any CPU
		{D31D8BF2-6DC2-70BC-43E2-41AC31AE31CF}.Debug|Any CPU.ActiveCfg = Debug|Any CPU
		{D31D8BF2-6DC2-70BC-43E2-41AC31AE31CF}.Debug|Any CPU.Build.0 = Debug|Any CPU
		{D31D8BF2-6DC2-70BC-43E2-41AC31AE31CF}.Release|Any CPU.ActiveCfg = Release|Any CPU
		{D31D8BF2-6DC2-70BC-43E2-41AC31AE31CF}.Release|Any CPU.Build.0 = Release|Any CPU
		{52730F33-41AD-40F5-A0B5-7F14BD089572}.Debug|Any CPU.ActiveCfg = Debug|Any CPU
		{52730F33-41AD-40F5-A0B5-7F14BD089572}.Debug|Any CPU.Build.0 = Debug|Any CPU
		{52730F33-41AD-40F5-A0B5-7F14BD089572}.Release|Any CPU.ActiveCfg = Release|Any CPU
		{52730F33-41AD-40F5-A0B5-7F14BD089572}.Release|Any CPU.Build.0 = Release|Any CPU
		{4ABF7D1B-236F-49F7-B3CC-966F91BB2E2C}.Debug|Any CPU.ActiveCfg = Debug|Any CPU
		{4ABF7D1B-236F-49F7-B3CC-966F91BB2E2C}.Debug|Any CPU.Build.0 = Debug|Any CPU
		{4ABF7D1B-236F-49F7-B3CC-966F91BB2E2C}.Release|Any CPU.ActiveCfg = Release|Any CPU
		{4ABF7D1B-236F-49F7-B3CC-966F91BB2E2C}.Release|Any CPU.Build.0 = Release|Any CPU
		{D3C951F2-6805-4637-830A-609C5E90F6EC}.Debug|Any CPU.ActiveCfg = Debug|Any CPU
		{D3C951F2-6805-4637-830A-609C5E90F6EC}.Debug|Any CPU.Build.0 = Debug|Any CPU
		{D3C951F2-6805-4637-830A-609C5E90F6EC}.Release|Any CPU.ActiveCfg = Release|Any CPU
		{D3C951F2-6805-4637-830A-609C5E90F6EC}.Release|Any CPU.Build.0 = Release|Any CPU
		{0E1989C7-503C-43EC-BA29-C8AE2D8AA39A}.Debug|Any CPU.ActiveCfg = Debug|Any CPU
		{0E1989C7-503C-43EC-BA29-C8AE2D8AA39A}.Debug|Any CPU.Build.0 = Debug|Any CPU
		{0E1989C7-503C-43EC-BA29-C8AE2D8AA39A}.Release|Any CPU.ActiveCfg = Release|Any CPU
		{0E1989C7-503C-43EC-BA29-C8AE2D8AA39A}.Release|Any CPU.Build.0 = Release|Any CPU
		{6DC9101C-0AEC-48A3-90DA-4AA40F53FAE1}.Debug|Any CPU.ActiveCfg = Debug|Any CPU
		{6DC9101C-0AEC-48A3-90DA-4AA40F53FAE1}.Debug|Any CPU.Build.0 = Debug|Any CPU
		{6DC9101C-0AEC-48A3-90DA-4AA40F53FAE1}.Release|Any CPU.ActiveCfg = Release|Any CPU
		{6DC9101C-0AEC-48A3-90DA-4AA40F53FAE1}.Release|Any CPU.Build.0 = Release|Any CPU
		{77FF98C3-1C16-4D59-87FD-0D102E2239FD}.Debug|Any CPU.ActiveCfg = Debug|Any CPU
		{77FF98C3-1C16-4D59-87FD-0D102E2239FD}.Debug|Any CPU.Build.0 = Debug|Any CPU
		{77FF98C3-1C16-4D59-87FD-0D102E2239FD}.Release|Any CPU.ActiveCfg = Release|Any CPU
		{77FF98C3-1C16-4D59-87FD-0D102E2239FD}.Release|Any CPU.Build.0 = Release|Any CPU
	EndGlobalSection
	GlobalSection(SolutionProperties) = preSolution
		HideSolutionNode = FALSE
	EndGlobalSection
	GlobalSection(NestedProjects) = preSolution
		{6DA76AD2-B6EA-4B6E-B3E8-0B20E685B715} = {02EA681E-C7D8-13C7-8484-4AC65E1B71E8}
		{D7BCCF37-954D-4213-B85F-EE67435FAF4F} = {02EA681E-C7D8-13C7-8484-4AC65E1B71E8}
		{C96845E6-DBF1-4F70-8F68-2C88BAE0DF3B} = {02EA681E-C7D8-13C7-8484-4AC65E1B71E8}
		{CF759B9A-88EB-4AC3-AB5A-F5DDDE875057} = {902DF108-B304-44E4-9BF1-1BBF94DD86A9}
		{F688501B-1043-472D-B84E-BA36C1D23862} = {902DF108-B304-44E4-9BF1-1BBF94DD86A9}
		{06304E7E-7D70-42EC-BF25-EDF8D6E6FD26} = {902DF108-B304-44E4-9BF1-1BBF94DD86A9}
		{62D63776-FA6B-4599-92AB-FF94D719F50D} = {C60CBB04-0832-407A-861E-7A6DF357EC93}
		{7B411D8C-3E37-45F1-8C31-34A1D62CE9D7} = {C60CBB04-0832-407A-861E-7A6DF357EC93}
		{1A316586-1B8C-464B-97DF-7DA46BFBC2D3} = {C60CBB04-0832-407A-861E-7A6DF357EC93}
		{906E8F16-5991-931F-ED18-9F6374238C5A} = {51477744-1CEF-4BF5-8ECF-E1CD26ED9C38}
		{44DA94D0-7333-2804-7396-1D54AEFB4B67} = {51477744-1CEF-4BF5-8ECF-E1CD26ED9C38}
		{D31D8BF2-6DC2-70BC-43E2-41AC31AE31CF} = {51477744-1CEF-4BF5-8ECF-E1CD26ED9C38}
		{52730F33-41AD-40F5-A0B5-7F14BD089572} = {02B727B5-619B-43CC-A5DC-73A02939425D}
		{4ABF7D1B-236F-49F7-B3CC-966F91BB2E2C} = {02B727B5-619B-43CC-A5DC-73A02939425D}
		{D3C951F2-6805-4637-830A-609C5E90F6EC} = {02B727B5-619B-43CC-A5DC-73A02939425D}
		{0E1989C7-503C-43EC-BA29-C8AE2D8AA39A} = {F7580F40-A5DD-49F8-825B-15A41DDA1305}
		{6DC9101C-0AEC-48A3-90DA-4AA40F53FAE1} = {F7580F40-A5DD-49F8-825B-15A41DDA1305}
		{77FF98C3-1C16-4D59-87FD-0D102E2239FD} = {F7580F40-A5DD-49F8-825B-15A41DDA1305}
	EndGlobalSection
	GlobalSection(ExtensibilityGlobals) = postSolution
		SolutionGuid = {8B750CAC-F596-4C63-BAE5-896F98BC45DA}
	EndGlobalSection
EndGlobal
